
Microsoft Visual Studio Solution File, Format Version 12.00
# Visual Studio Version 16
VisualStudioVersion = 16.0.30717.126
MinimumVisualStudioVersion = 10.0.40219.1
Project("{FAE04EC0-301F-11D3-BF4B-00C04F79EFBC}") = "Metropol Bank Clerk App", "Metropol Bank Clerk App\Metropol Bank Clerk App.csproj", "{21A19EB1-3B08-48D6-ACAF-BC607107628C}"
EndProject
Global
	GlobalSection(SolutionConfigurationPlatforms) = preSolution
		Debug|Any CPU = Debug|Any CPU
		Release|Any CPU = Release|Any CPU
	EndGlobalSection
	GlobalSection(ProjectConfigurationPlatforms) = postSolution
		{21A19EB1-3B08-48D6-ACAF-BC607107628C}.Debug|Any CPU.ActiveCfg = Debug|Any CPU
		{21A19EB1-3B08-48D6-ACAF-BC607107628C}.Debug|Any CPU.Build.0 = Debug|Any CPU
		{21A19EB1-3B08-48D6-ACAF-BC607107628C}.Release|Any CPU.ActiveCfg = Release|Any CPU
		{21A19EB1-3B08-48D6-ACAF-BC607107628C}.Release|Any CPU.Build.0 = Release|Any CPU
	EndGlobalSection
	GlobalSection(SolutionProperties) = preSolution
		HideSolutionNode = FALSE
	EndGlobalSection
	GlobalSection(ExtensibilityGlobals) = postSolution
		SolutionGuid = {289EE65F-4FEE-4D09-9645-445DE9D7D5EC}
	EndGlobalSection
EndGlobal
